
Microsoft Visual Studio Solution File, Format Version 12.00
# Visual Studio Version 17
VisualStudioVersion = 17.3.32825.248
MinimumVisualStudioVersion = 10.0.40219.1
Project("{9A19103F-16F7-4668-BE54-9A1E7A4F7556}") = "Tarteeb.Api", "Tarteeb.Api\Tarteeb.Api.csproj", "{B9288356-F87C-4D2F-835C-43C8E0D1F379}"
EndProject
Project("{9A19103F-16F7-4668-BE54-9A1E7A4F7556}") = "Tarteeb.Api.Infrastructure.Build", "Tarteeb.Api.Infrastructure.Build\Tarteeb.Api.Infrastructure.Build.csproj", "{DF3F7A6B-D6B0-4BC5-8567-AD7009146848}"
EndProject
Project("{9A19103F-16F7-4668-BE54-9A1E7A4F7556}") = "Tarteeb.Api.Tests.Unit", "Tarteeb.Api.Tests.Unit\Tarteeb.Api.Tests.Unit.csproj", "{3498A3E3-475F-4442-9B9F-60C572DC9B67}"
EndProject
Global
	GlobalSection(SolutionConfigurationPlatforms) = preSolution
		Debug|Any CPU = Debug|Any CPU
		Release|Any CPU = Release|Any CPU
	EndGlobalSection
	GlobalSection(ProjectConfigurationPlatforms) = postSolution
		{B9288356-F87C-4D2F-835C-43C8E0D1F379}.Debug|Any CPU.ActiveCfg = Debug|Any CPU
		{B9288356-F87C-4D2F-835C-43C8E0D1F379}.Debug|Any CPU.Build.0 = Debug|Any CPU
		{B9288356-F87C-4D2F-835C-43C8E0D1F379}.Release|Any CPU.ActiveCfg = Release|Any CPU
		{B9288356-F87C-4D2F-835C-43C8E0D1F379}.Release|Any CPU.Build.0 = Release|Any CPU
		{DF3F7A6B-D6B0-4BC5-8567-AD7009146848}.Debug|Any CPU.ActiveCfg = Debug|Any CPU
		{DF3F7A6B-D6B0-4BC5-8567-AD7009146848}.Debug|Any CPU.Build.0 = Debug|Any CPU
		{DF3F7A6B-D6B0-4BC5-8567-AD7009146848}.Release|Any CPU.ActiveCfg = Release|Any CPU
		{DF3F7A6B-D6B0-4BC5-8567-AD7009146848}.Release|Any CPU.Build.0 = Release|Any CPU
		{3498A3E3-475F-4442-9B9F-60C572DC9B67}.Debug|Any CPU.ActiveCfg = Debug|Any CPU
		{3498A3E3-475F-4442-9B9F-60C572DC9B67}.Debug|Any CPU.Build.0 = Debug|Any CPU
		{3498A3E3-475F-4442-9B9F-60C572DC9B67}.Release|Any CPU.ActiveCfg = Release|Any CPU
		{3498A3E3-475F-4442-9B9F-60C572DC9B67}.Release|Any CPU.Build.0 = Release|Any CPU
	EndGlobalSection
	GlobalSection(SolutionProperties) = preSolution
		HideSolutionNode = FALSE
	EndGlobalSection
	GlobalSection(ExtensibilityGlobals) = postSolution
		SolutionGuid = {72C341B3-EBED-4C92-A7F7-549182919620}
	EndGlobalSection
EndGlobal
